
Microsoft Visual Studio Solution File, Format Version 12.00
# Visual Studio Version 17
VisualStudioVersion = 17.4.33205.214
MinimumVisualStudioVersion = 10.0.40219.1
Project("{9A19103F-16F7-4668-BE54-9A1E7A4F7556}") = "EchoServer", "EchoServer\EchoServer.csproj", "{B69C6AA7-68D2-482D-BF57-396C32729FFD}"
EndProject
Project("{FAE04EC0-301F-11D3-BF4B-00C04F79EFBC}") = "EchoClient", "EchoClient\EchoClient.csproj", "{78EEBBFF-16DF-4774-A957-A1D572A26F82}"
EndProject
Global
	GlobalSection(SolutionConfigurationPlatforms) = preSolution
		Debug|Any CPU = Debug|Any CPU
		Release|Any CPU = Release|Any CPU
	EndGlobalSection
	GlobalSection(ProjectConfigurationPlatforms) = postSolution
		{B69C6AA7-68D2-482D-BF57-396C32729FFD}.Debug|Any CPU.ActiveCfg = Debug|Any CPU
		{B69C6AA7-68D2-482D-BF57-396C32729FFD}.Debug|Any CPU.Build.0 = Debug|Any CPU
		{B69C6AA7-68D2-482D-BF57-396C32729FFD}.Release|Any CPU.ActiveCfg = Release|Any CPU
		{B69C6AA7-68D2-482D-BF57-396C32729FFD}.Release|Any CPU.Build.0 = Release|Any CPU
		{78EEBBFF-16DF-4774-A957-A1D572A26F82}.Debug|Any CPU.ActiveCfg = Debug|Any CPU
		{78EEBBFF-16DF-4774-A957-A1D572A26F82}.Debug|Any CPU.Build.0 = Debug|Any CPU
		{78EEBBFF-16DF-4774-A957-A1D572A26F82}.Release|Any CPU.ActiveCfg = Release|Any CPU
		{78EEBBFF-16DF-4774-A957-A1D572A26F82}.Release|Any CPU.Build.0 = Release|Any CPU
	EndGlobalSection
	GlobalSection(SolutionProperties) = preSolution
		HideSolutionNode = FALSE
	EndGlobalSection
	GlobalSection(ExtensibilityGlobals) = postSolution
		SolutionGuid = {11140273-1F89-4B46-BAA0-999CB08C32B6}
	EndGlobalSection
EndGlobal
